
Microsoft Visual Studio Solution File, Format Version 12.00
# Visual Studio Version 16
VisualStudioVersion = 16.0.32106.194
MinimumVisualStudioVersion = 10.0.40219.1
Project("{FAE04EC0-301F-11D3-BF4B-00C04F79EFBC}") = "ProductReviewManagement_Linq", "ProductReviewManagement_Linq.csproj", "{A5A6B962-B1C5-4468-A89B-7C466110A24E}"
EndProject
Global
	GlobalSection(SolutionConfigurationPlatforms) = preSolution
		Debug|Any CPU = Debug|Any CPU
		Release|Any CPU = Release|Any CPU
	EndGlobalSection
	GlobalSection(ProjectConfigurationPlatforms) = postSolution
		{A5A6B962-B1C5-4468-A89B-7C466110A24E}.Debug|Any CPU.ActiveCfg = Debug|Any CPU
		{A5A6B962-B1C5-4468-A89B-7C466110A24E}.Debug|Any CPU.Build.0 = Debug|Any CPU
		{A5A6B962-B1C5-4468-A89B-7C466110A24E}.Release|Any CPU.ActiveCfg = Release|Any CPU
		{A5A6B962-B1C5-4468-A89B-7C466110A24E}.Release|Any CPU.Build.0 = Release|Any CPU
	EndGlobalSection
	GlobalSection(SolutionProperties) = preSolution
		HideSolutionNode = FALSE
	EndGlobalSection
	GlobalSection(ExtensibilityGlobals) = postSolution
		SolutionGuid = {7F85491D-6E2A-4BB6-8457-AD6C0C7ADB0D}
	EndGlobalSection
EndGlobal
